
Microsoft Visual Studio Solution File, Format Version 12.00
# Visual Studio Version 17
VisualStudioVersion = 17.8.34601.278
MinimumVisualStudioVersion = 10.0.40219.1
Project("{FAE04EC0-301F-11D3-BF4B-00C04F79EFBC}") = "CSProjeDemo1", "CSProjeDemo1\CSProjeDemo1.csproj", "{D9F25733-CE4F-46AA-9DF0-37732379B7D6}"
EndProject
Project("{FAE04EC0-301F-11D3-BF4B-00C04F79EFBC}") = "CSProjeDemo1.UI", "CSProjeDemo1.UI\CSProjeDemo1.UI.csproj", "{A981069E-C2CF-4FD7-98FF-81B40D314315}"
EndProject
Global
	GlobalSection(SolutionConfigurationPlatforms) = preSolution
		Debug|Any CPU = Debug|Any CPU
		Release|Any CPU = Release|Any CPU
	EndGlobalSection
	GlobalSection(ProjectConfigurationPlatforms) = postSolution
		{D9F25733-CE4F-46AA-9DF0-37732379B7D6}.Debug|Any CPU.ActiveCfg = Debug|Any CPU
		{D9F25733-CE4F-46AA-9DF0-37732379B7D6}.Debug|Any CPU.Build.0 = Debug|Any CPU
		{D9F25733-CE4F-46AA-9DF0-37732379B7D6}.Release|Any CPU.ActiveCfg = Release|Any CPU
		{D9F25733-CE4F-46AA-9DF0-37732379B7D6}.Release|Any CPU.Build.0 = Release|Any CPU
		{A981069E-C2CF-4FD7-98FF-81B40D314315}.Debug|Any CPU.ActiveCfg = Debug|Any CPU
		{A981069E-C2CF-4FD7-98FF-81B40D314315}.Debug|Any CPU.Build.0 = Debug|Any CPU
		{A981069E-C2CF-4FD7-98FF-81B40D314315}.Release|Any CPU.ActiveCfg = Release|Any CPU
		{A981069E-C2CF-4FD7-98FF-81B40D314315}.Release|Any CPU.Build.0 = Release|Any CPU
	EndGlobalSection
	GlobalSection(SolutionProperties) = preSolution
		HideSolutionNode = FALSE
	EndGlobalSection
	GlobalSection(ExtensibilityGlobals) = postSolution
		SolutionGuid = {46F4303F-B8EA-4DF3-B553-025BBCD3210F}
	EndGlobalSection
EndGlobal
